// !$*UTF8*$!
{
	archiveVersion = 1;
	classes = {
	};
	objectVersion = 50;
	objects = {

/* Begin PBXBuildFile section */
		3B8B4A50C449E88E3C9B3DD5 /* Pods_smack_chat_app.framework in Frameworks */ = {isa = PBXBuildFile; fileRef = 2A0EAB6FF7295393A12015CE /* Pods_smack_chat_app.framework */; };
		DB3AFCFA25BAD0B00087B6BA /* CreateAccountVC.swift in Sources */ = {isa = PBXBuildFile; fileRef = DB3AFCF925BAD0B00087B6BA /* CreateAccountVC.swift */; };
		DB42A9AB25B83C0900F237A7 /* AppDelegate.swift in Sources */ = {isa = PBXBuildFile; fileRef = DB42A9AA25B83C0900F237A7 /* AppDelegate.swift */; };
		DB42A9AD25B83C0900F237A7 /* SceneDelegate.swift in Sources */ = {isa = PBXBuildFile; fileRef = DB42A9AC25B83C0900F237A7 /* SceneDelegate.swift */; };
		DB42A9B225B83C0900F237A7 /* Main.storyboard in Resources */ = {isa = PBXBuildFile; fileRef = DB42A9B025B83C0900F237A7 /* Main.storyboard */; };
		DB42A9B425B83C0A00F237A7 /* Assets.xcassets in Resources */ = {isa = PBXBuildFile; fileRef = DB42A9B325B83C0A00F237A7 /* Assets.xcassets */; };
		DB42A9B725B83C0A00F237A7 /* LaunchScreen.storyboard in Resources */ = {isa = PBXBuildFile; fileRef = DB42A9B525B83C0A00F237A7 /* LaunchScreen.storyboard */; };
		DB42A9C925B9B86000F237A7 /* ChatVC.swift in Sources */ = {isa = PBXBuildFile; fileRef = DB42A9C825B9B86000F237A7 /* ChatVC.swift */; };
		DB42A9CB25B9B87200F237A7 /* ChannelVC.swift in Sources */ = {isa = PBXBuildFile; fileRef = DB42A9CA25B9B87200F237A7 /* ChannelVC.swift */; };
		DB42A9D925B9F6C300F237A7 /* SWRevealViewController.m in Sources */ = {isa = PBXBuildFile; fileRef = DB42A9D725B9F6C300F237A7 /* SWRevealViewController.m */; };
		DB42A9DB25BAAFDC00F237A7 /* GradientView.swift in Sources */ = {isa = PBXBuildFile; fileRef = DB42A9DA25BAAFDC00F237A7 /* GradientView.swift */; };
		DB42A9DE25BAC09200F237A7 /* Constans.swift in Sources */ = {isa = PBXBuildFile; fileRef = DB42A9DD25BAC09200F237A7 /* Constans.swift */; };
		DB42A9E025BAC65100F237A7 /* LoginVC.swift in Sources */ = {isa = PBXBuildFile; fileRef = DB42A9DF25BAC65100F237A7 /* LoginVC.swift */; };
		DB734F7925BD90CF0052C6D4 /* AuthService.swift in Sources */ = {isa = PBXBuildFile; fileRef = DB734F7825BD90CF0052C6D4 /* AuthService.swift */; };
		DB734F7B25BEEF000052C6D4 /* RoundedButton.swift in Sources */ = {isa = PBXBuildFile; fileRef = DB734F7A25BEEF000052C6D4 /* RoundedButton.swift */; };
		DBCEEAC425BF32A700824A5D /* USerDataService.swift in Sources */ = {isa = PBXBuildFile; fileRef = DBCEEAC325BF32A700824A5D /* USerDataService.swift */; };
		DBCEEAC625BFEEC300824A5D /* AvatarPickerVC.swift in Sources */ = {isa = PBXBuildFile; fileRef = DBCEEAC525BFEEC300824A5D /* AvatarPickerVC.swift */; };
		DBCEEAC825BFF15400824A5D /* AvatarCell.swift in Sources */ = {isa = PBXBuildFile; fileRef = DBCEEAC725BFF15400824A5D /* AvatarCell.swift */; };
		DBCEEACA25C0132600824A5D /* CircleImage.swift in Sources */ = {isa = PBXBuildFile; fileRef = DBCEEAC925C0132600824A5D /* CircleImage.swift */; };
		DBCEEACD25C1477A00824A5D /* ProfileVC.swift in Sources */ = {isa = PBXBuildFile; fileRef = DBCEEACB25C1477A00824A5D /* ProfileVC.swift */; };
		DBCEEACE25C1477A00824A5D /* ProfileVC.xib in Resources */ = {isa = PBXBuildFile; fileRef = DBCEEACC25C1477A00824A5D /* ProfileVC.xib */; };
		DBCEEAD125C1ACC800824A5D /* MessageService.swift in Sources */ = {isa = PBXBuildFile; fileRef = DBCEEAD025C1ACC800824A5D /* MessageService.swift */; };
		DBCEEAD325C1AD1900824A5D /* Channel.swift in Sources */ = {isa = PBXBuildFile; fileRef = DBCEEAD225C1AD1900824A5D /* Channel.swift */; };
		DBCEEAD525C1FCEC00824A5D /* ChannelCell.swift in Sources */ = {isa = PBXBuildFile; fileRef = DBCEEAD425C1FCEC00824A5D /* ChannelCell.swift */; };
		DBCEEADC25C299F600824A5D /* AddChannelVC.swift in Sources */ = {isa = PBXBuildFile; fileRef = DBCEEADA25C299F600824A5D /* AddChannelVC.swift */; };
		DBCEEADD25C299F600824A5D /* AddChannelVC.xib in Resources */ = {isa = PBXBuildFile; fileRef = DBCEEADB25C299F600824A5D /* AddChannelVC.xib */; };
		DBCEEADF25C2AD0A00824A5D /* SocketService.swift in Sources */ = {isa = PBXBuildFile; fileRef = DBCEEADE25C2AD0A00824A5D /* SocketService.swift */; };
		DBCEEAE125C7DA7500824A5D /* Message.swift in Sources */ = {isa = PBXBuildFile; fileRef = DBCEEAE025C7DA7500824A5D /* Message.swift */; };
		DBCEEAE325C82EB600824A5D /* KeyboardBoundView.swift in Sources */ = {isa = PBXBuildFile; fileRef = DBCEEAE225C82EB600824A5D /* KeyboardBoundView.swift */; };
		DBCEEAE525C83E8600824A5D /* MessageCell.swift in Sources */ = {isa = PBXBuildFile; fileRef = DBCEEAE425C83E8600824A5D /* MessageCell.swift */; };
		DBCEEAE825C94EAF00824A5D /* UpdateProfile.swift in Sources */ = {isa = PBXBuildFile; fileRef = DBCEEAE625C94EAF00824A5D /* UpdateProfile.swift */; };
		DBCEEAE925C94EAF00824A5D /* UpdateProfile.xib in Resources */ = {isa = PBXBuildFile; fileRef = DBCEEAE725C94EAF00824A5D /* UpdateProfile.xib */; };
/* End PBXBuildFile section */

/* Begin PBXFileReference section */
		2A0EAB6FF7295393A12015CE /* Pods_smack_chat_app.framework */ = {isa = PBXFileReference; explicitFileType = wrapper.framework; includeInIndex = 0; path = Pods_smack_chat_app.framework; sourceTree = BUILT_PRODUCTS_DIR; };
		73F7E2226CBB140B7D88F27F /* Pods-smack-chat-app.release.xcconfig */ = {isa = PBXFileReference; includeInIndex = 1; lastKnownFileType = text.xcconfig; name = "Pods-smack-chat-app.release.xcconfig"; path = "Pods/Target Support Files/Pods-smack-chat-app/Pods-smack-chat-app.release.xcconfig"; sourceTree = "<group>"; };
		CDEFB70357CADFDEBA0A2065 /* Pods-smack-chat-app.debug.xcconfig */ = {isa = PBXFileReference; includeInIndex = 1; lastKnownFileType = text.xcconfig; name = "Pods-smack-chat-app.debug.xcconfig"; path = "Pods/Target Support Files/Pods-smack-chat-app/Pods-smack-chat-app.debug.xcconfig"; sourceTree = "<group>"; };
		DB3AFCF925BAD0B00087B6BA /* CreateAccountVC.swift */ = {isa = PBXFileReference; lastKnownFileType = sourcecode.swift; path = CreateAccountVC.swift; sourceTree = "<group>"; };
		DB42A9A725B83C0900F237A7 /* smack-chat-app.app */ = {isa = PBXFileReference; explicitFileType = wrapper.application; includeInIndex = 0; path = "smack-chat-app.app"; sourceTree = BUILT_PRODUCTS_DIR; };
		DB42A9AA25B83C0900F237A7 /* AppDelegate.swift */ = {isa = PBXFileReference; lastKnownFileType = sourcecode.swift; path = AppDelegate.swift; sourceTree = "<group>"; };
		DB42A9AC25B83C0900F237A7 /* SceneDelegate.swift */ = {isa = PBXFileReference; lastKnownFileType = sourcecode.swift; path = SceneDelegate.swift; sourceTree = "<group>"; };
		DB42A9B125B83C0900F237A7 /* Base */ = {isa = PBXFileReference; lastKnownFileType = file.storyboard; name = Base; path = Base.lproj/Main.storyboard; sourceTree = "<group>"; };
		DB42A9B325B83C0A00F237A7 /* Assets.xcassets */ = {isa = PBXFileReference; lastKnownFileType = folder.assetcatalog; path = Assets.xcassets; sourceTree = "<group>"; };
		DB42A9B625B83C0A00F237A7 /* Base */ = {isa = PBXFileReference; lastKnownFileType = file.storyboard; name = Base; path = Base.lproj/LaunchScreen.storyboard; sourceTree = "<group>"; };
		DB42A9B825B83C0A00F237A7 /* Info.plist */ = {isa = PBXFileReference; lastKnownFileType = text.plist.xml; path = Info.plist; sourceTree = "<group>"; };
		DB42A9C825B9B86000F237A7 /* ChatVC.swift */ = {isa = PBXFileReference; lastKnownFileType = sourcecode.swift; path = ChatVC.swift; sourceTree = "<group>"; };
		DB42A9CA25B9B87200F237A7 /* ChannelVC.swift */ = {isa = PBXFileReference; lastKnownFileType = sourcecode.swift; path = ChannelVC.swift; sourceTree = "<group>"; };
		DB42A9D625B9F6B300F237A7 /* smack-chat-app-Bridging-Header.h */ = {isa = PBXFileReference; lastKnownFileType = sourcecode.c.h; path = "smack-chat-app-Bridging-Header.h"; sourceTree = "<group>"; };
		DB42A9D725B9F6C300F237A7 /* SWRevealViewController.m */ = {isa = PBXFileReference; fileEncoding = 4; lastKnownFileType = sourcecode.c.objc; path = SWRevealViewController.m; sourceTree = "<group>"; };
		DB42A9D825B9F6C300F237A7 /* SWRevealViewController.h */ = {isa = PBXFileReference; fileEncoding = 4; lastKnownFileType = sourcecode.c.h; path = SWRevealViewController.h; sourceTree = "<group>"; };
		DB42A9DA25BAAFDC00F237A7 /* GradientView.swift */ = {isa = PBXFileReference; lastKnownFileType = sourcecode.swift; path = GradientView.swift; sourceTree = "<group>"; };
		DB42A9DD25BAC09200F237A7 /* Constans.swift */ = {isa = PBXFileReference; lastKnownFileType = sourcecode.swift; path = Constans.swift; sourceTree = "<group>"; };
		DB42A9DF25BAC65100F237A7 /* LoginVC.swift */ = {isa = PBXFileReference; lastKnownFileType = sourcecode.swift; path = LoginVC.swift; sourceTree = "<group>"; };
		DB734F7825BD90CF0052C6D4 /* AuthService.swift */ = {isa = PBXFileReference; lastKnownFileType = sourcecode.swift; path = AuthService.swift; sourceTree = "<group>"; };
		DB734F7A25BEEF000052C6D4 /* RoundedButton.swift */ = {isa = PBXFileReference; lastKnownFileType = sourcecode.swift; path = RoundedButton.swift; sourceTree = "<group>"; };
		DBCEEAC325BF32A700824A5D /* USerDataService.swift */ = {isa = PBXFileReference; lastKnownFileType = sourcecode.swift; path = USerDataService.swift; sourceTree = "<group>"; };
		DBCEEAC525BFEEC300824A5D /* AvatarPickerVC.swift */ = {isa = PBXFileReference; lastKnownFileType = sourcecode.swift; path = AvatarPickerVC.swift; sourceTree = "<group>"; };
		DBCEEAC725BFF15400824A5D /* AvatarCell.swift */ = {isa = PBXFileReference; lastKnownFileType = sourcecode.swift; path = AvatarCell.swift; sourceTree = "<group>"; };
		DBCEEAC925C0132600824A5D /* CircleImage.swift */ = {isa = PBXFileReference; lastKnownFileType = sourcecode.swift; path = CircleImage.swift; sourceTree = "<group>"; };
		DBCEEACB25C1477A00824A5D /* ProfileVC.swift */ = {isa = PBXFileReference; lastKnownFileType = sourcecode.swift; path = ProfileVC.swift; sourceTree = "<group>"; };
		DBCEEACC25C1477A00824A5D /* ProfileVC.xib */ = {isa = PBXFileReference; lastKnownFileType = file.xib; path = ProfileVC.xib; sourceTree = "<group>"; };
		DBCEEAD025C1ACC800824A5D /* MessageService.swift */ = {isa = PBXFileReference; lastKnownFileType = sourcecode.swift; path = MessageService.swift; sourceTree = "<group>"; };
		DBCEEAD225C1AD1900824A5D /* Channel.swift */ = {isa = PBXFileReference; fileEncoding = 4; lastKnownFileType = sourcecode.swift; path = Channel.swift; sourceTree = "<group>"; };
		DBCEEAD425C1FCEC00824A5D /* ChannelCell.swift */ = {isa = PBXFileReference; lastKnownFileType = sourcecode.swift; path = ChannelCell.swift; sourceTree = "<group>"; };
		DBCEEADA25C299F600824A5D /* AddChannelVC.swift */ = {isa = PBXFileReference; lastKnownFileType = sourcecode.swift; path = AddChannelVC.swift; sourceTree = "<group>"; };
		DBCEEADB25C299F600824A5D /* AddChannelVC.xib */ = {isa = PBXFileReference; lastKnownFileType = file.xib; path = AddChannelVC.xib; sourceTree = "<group>"; };
		DBCEEADE25C2AD0A00824A5D /* SocketService.swift */ = {isa = PBXFileReference; lastKnownFileType = sourcecode.swift; path = SocketService.swift; sourceTree = "<group>"; };
		DBCEEAE025C7DA7500824A5D /* Message.swift */ = {isa = PBXFileReference; lastKnownFileType = sourcecode.swift; path = Message.swift; sourceTree = "<group>"; };
		DBCEEAE225C82EB600824A5D /* KeyboardBoundView.swift */ = {isa = PBXFileReference; fileEncoding = 4; lastKnownFileType = sourcecode.swift; path = KeyboardBoundView.swift; sourceTree = "<group>"; };
		DBCEEAE425C83E8600824A5D /* MessageCell.swift */ = {isa = PBXFileReference; lastKnownFileType = sourcecode.swift; path = MessageCell.swift; sourceTree = "<group>"; };
		DBCEEAE625C94EAF00824A5D /* UpdateProfile.swift */ = {isa = PBXFileReference; lastKnownFileType = sourcecode.swift; path = UpdateProfile.swift; sourceTree = "<group>"; };
		DBCEEAE725C94EAF00824A5D /* UpdateProfile.xib */ = {isa = PBXFileReference; lastKnownFileType = file.xib; path = UpdateProfile.xib; sourceTree = "<group>"; };
/* End PBXFileReference section */

/* Begin PBXFrameworksBuildPhase section */
		DB42A9A425B83C0900F237A7 /* Frameworks */ = {
			isa = PBXFrameworksBuildPhase;
			buildActionMask = 2147483647;
			files = (
				3B8B4A50C449E88E3C9B3DD5 /* Pods_smack_chat_app.framework in Frameworks */,
			);
			runOnlyForDeploymentPostprocessing = 0;
		};
/* End PBXFrameworksBuildPhase section */

/* Begin PBXGroup section */
		02439DF3F8D754AB34EA2187 /* Pods */ = {
			isa = PBXGroup;
			children = (
				CDEFB70357CADFDEBA0A2065 /* Pods-smack-chat-app.debug.xcconfig */,
				73F7E2226CBB140B7D88F27F /* Pods-smack-chat-app.release.xcconfig */,
			);
			name = Pods;
			sourceTree = "<group>";
		};
		DB42A99E25B83C0900F237A7 = {
			isa = PBXGroup;
			children = (
				DB42A9A925B83C0900F237A7 /* smack-chat-app */,
				DB42A9A825B83C0900F237A7 /* Products */,
				02439DF3F8D754AB34EA2187 /* Pods */,
				DF0798F3F6DFD8D6A805EB58 /* Frameworks */,
			);
			sourceTree = "<group>";
		};
		DB42A9A825B83C0900F237A7 /* Products */ = {
			isa = PBXGroup;
			children = (
				DB42A9A725B83C0900F237A7 /* smack-chat-app.app */,
			);
			name = Products;
			sourceTree = "<group>";
		};
		DB42A9A925B83C0900F237A7 /* smack-chat-app */ = {
			isa = PBXGroup;
			children = (
				DBCEEACF25C1482900824A5D /* XIBs */,
				DB734F7725BD90AE0052C6D4 /* Services */,
				DB42A9DC25BAC05700F237A7 /* Utilities */,
				DB42A9C725B9B84200F237A7 /* Model */,
				DB42A9C625B9B83A00F237A7 /* View */,
				DB42A9C525B9B83000F237A7 /* Controller */,
				DB42A9C025B8CD8C00F237A7 /* Supporting Files */,
				DB42A9AA25B83C0900F237A7 /* AppDelegate.swift */,
				DB42A9AC25B83C0900F237A7 /* SceneDelegate.swift */,
				DB42A9B025B83C0900F237A7 /* Main.storyboard */,
				DB42A9B325B83C0A00F237A7 /* Assets.xcassets */,
				DB42A9B525B83C0A00F237A7 /* LaunchScreen.storyboard */,
				DB42A9B825B83C0A00F237A7 /* Info.plist */,
			);
			path = "smack-chat-app";
			sourceTree = "<group>";
		};
		DB42A9C025B8CD8C00F237A7 /* Supporting Files */ = {
			isa = PBXGroup;
			children = (
				DB42A9D825B9F6C300F237A7 /* SWRevealViewController.h */,
				DB42A9D725B9F6C300F237A7 /* SWRevealViewController.m */,
				DB42A9D625B9F6B300F237A7 /* smack-chat-app-Bridging-Header.h */,
			);
			path = "Supporting Files";
			sourceTree = "<group>";
		};
		DB42A9C525B9B83000F237A7 /* Controller */ = {
			isa = PBXGroup;
			children = (
				DB42A9C825B9B86000F237A7 /* ChatVC.swift */,
				DB42A9CA25B9B87200F237A7 /* ChannelVC.swift */,
				DB42A9DF25BAC65100F237A7 /* LoginVC.swift */,
				DB3AFCF925BAD0B00087B6BA /* CreateAccountVC.swift */,
				DBCEEAC525BFEEC300824A5D /* AvatarPickerVC.swift */,
				DBCEEACB25C1477A00824A5D /* ProfileVC.swift */,
				DBCEEADA25C299F600824A5D /* AddChannelVC.swift */,
				DBCEEAE625C94EAF00824A5D /* UpdateProfile.swift */,
			);
			path = Controller;
			sourceTree = "<group>";
		};
		DB42A9C625B9B83A00F237A7 /* View */ = {
			isa = PBXGroup;
			children = (
				DB42A9DA25BAAFDC00F237A7 /* GradientView.swift */,
				DB734F7A25BEEF000052C6D4 /* RoundedButton.swift */,
				DBCEEAC725BFF15400824A5D /* AvatarCell.swift */,
				DBCEEAC925C0132600824A5D /* CircleImage.swift */,
				DBCEEAD425C1FCEC00824A5D /* ChannelCell.swift */,
				DBCEEAE225C82EB600824A5D /* KeyboardBoundView.swift */,
				DBCEEAE425C83E8600824A5D /* MessageCell.swift */,
			);
			path = View;
			sourceTree = "<group>";
		};
		DB42A9C725B9B84200F237A7 /* Model */ = {
			isa = PBXGroup;
			children = (
				DBCEEAD225C1AD1900824A5D /* Channel.swift */,
				DBCEEAE025C7DA7500824A5D /* Message.swift */,
			);
			path = Model;
			sourceTree = "<group>";
		};
		DB42A9DC25BAC05700F237A7 /* Utilities */ = {
			isa = PBXGroup;
			children = (
				DB42A9DD25BAC09200F237A7 /* Constans.swift */,
			);
			path = Utilities;
			sourceTree = "<group>";
		};
		DB734F7725BD90AE0052C6D4 /* Services */ = {
			isa = PBXGroup;
			children = (
				DB734F7825BD90CF0052C6D4 /* AuthService.swift */,
				DBCEEAC325BF32A700824A5D /* USerDataService.swift */,
				DBCEEAD025C1ACC800824A5D /* MessageService.swift */,
				DBCEEADE25C2AD0A00824A5D /* SocketService.swift */,
			);
			path = Services;
			sourceTree = "<group>";
		};
		DBCEEACF25C1482900824A5D /* XIBs */ = {
			isa = PBXGroup;
			children = (
				DBCEEACC25C1477A00824A5D /* ProfileVC.xib */,
				DBCEEADB25C299F600824A5D /* AddChannelVC.xib */,
				DBCEEAE725C94EAF00824A5D /* UpdateProfile.xib */,
			);
			path = XIBs;
			sourceTree = "<group>";
		};
		DF0798F3F6DFD8D6A805EB58 /* Frameworks */ = {
			isa = PBXGroup;
			children = (
				2A0EAB6FF7295393A12015CE /* Pods_smack_chat_app.framework */,
			);
			name = Frameworks;
			sourceTree = "<group>";
		};
/* End PBXGroup section */

/* Begin PBXNativeTarget section */
		DB42A9A625B83C0900F237A7 /* smack-chat-app */ = {
			isa = PBXNativeTarget;
			buildConfigurationList = DB42A9BB25B83C0A00F237A7 /* Build configuration list for PBXNativeTarget "smack-chat-app" */;
			buildPhases = (
				6F35A88E75B28602F585BE82 /* [CP] Check Pods Manifest.lock */,
				DB42A9A325B83C0900F237A7 /* Sources */,
				DB42A9A425B83C0900F237A7 /* Frameworks */,
				DB42A9A525B83C0900F237A7 /* Resources */,
				87D7B6EF0362091E4FABCCF6 /* [CP] Embed Pods Frameworks */,
			);
			buildRules = (
			);
			dependencies = (
			);
			name = "smack-chat-app";
			productName = "smack-chat-app";
			productReference = DB42A9A725B83C0900F237A7 /* smack-chat-app.app */;
			productType = "com.apple.product-type.application";
		};
/* End PBXNativeTarget section */

/* Begin PBXProject section */
		DB42A99F25B83C0900F237A7 /* Project object */ = {
			isa = PBXProject;
			attributes = {
				LastSwiftUpdateCheck = 1150;
				LastUpgradeCheck = 1150;
				ORGANIZATIONNAME = "Artur Zarzecki";
				TargetAttributes = {
					DB42A9A625B83C0900F237A7 = {
						CreatedOnToolsVersion = 11.5;
						LastSwiftMigration = 1150;
					};
				};
			};
			buildConfigurationList = DB42A9A225B83C0900F237A7 /* Build configuration list for PBXProject "smack-chat-app" */;
			compatibilityVersion = "Xcode 9.3";
			developmentRegion = en;
			hasScannedForEncodings = 0;
			knownRegions = (
				en,
				Base,
			);
			mainGroup = DB42A99E25B83C0900F237A7;
			productRefGroup = DB42A9A825B83C0900F237A7 /* Products */;
			projectDirPath = "";
			projectRoot = "";
			targets = (
				DB42A9A625B83C0900F237A7 /* smack-chat-app */,
			);
		};
/* End PBXProject section */

/* Begin PBXResourcesBuildPhase section */
		DB42A9A525B83C0900F237A7 /* Resources */ = {
			isa = PBXResourcesBuildPhase;
			buildActionMask = 2147483647;
			files = (
				DBCEEADD25C299F600824A5D /* AddChannelVC.xib in Resources */,
				DBCEEACE25C1477A00824A5D /* ProfileVC.xib in Resources */,
				DB42A9B725B83C0A00F237A7 /* LaunchScreen.storyboard in Resources */,
				DB42A9B425B83C0A00F237A7 /* Assets.xcassets in Resources */,
				DBCEEAE925C94EAF00824A5D /* UpdateProfile.xib in Resources */,
				DB42A9B225B83C0900F237A7 /* Main.storyboard in Resources */,
			);
			runOnlyForDeploymentPostprocessing = 0;
		};
/* End PBXResourcesBuildPhase section */

/* Begin PBXShellScriptBuildPhase section */
		6F35A88E75B28602F585BE82 /* [CP] Check Pods Manifest.lock */ = {
			isa = PBXShellScriptBuildPhase;
			buildActionMask = 2147483647;
			files = (
			);
			inputPaths = (
				"${PODS_PODFILE_DIR_PATH}/Podfile.lock",
				"${PODS_ROOT}/Manifest.lock",
			);
			name = "[CP] Check Pods Manifest.lock";
			outputPaths = (
				"$(DERIVED_FILE_DIR)/Pods-smack-chat-app-checkManifestLockResult.txt",
			);
			runOnlyForDeploymentPostprocessing = 0;
			shellPath = /bin/sh;
			shellScript = "diff \"${PODS_PODFILE_DIR_PATH}/Podfile.lock\" \"${PODS_ROOT}/Manifest.lock\" > /dev/null\nif [ $? != 0 ] ; then\n    # print error to STDERR\n    echo \"error: The sandbox is not in sync with the Podfile.lock. Run 'pod install' or update your CocoaPods installation.\" >&2\n    exit 1\nfi\n# This output is used by Xcode 'outputs' to avoid re-running this script phase.\necho \"SUCCESS\" > \"${SCRIPT_OUTPUT_FILE_0}\"\n";
			showEnvVarsInLog = 0;
		};
		87D7B6EF0362091E4FABCCF6 /* [CP] Embed Pods Frameworks */ = {
			isa = PBXShellScriptBuildPhase;
			buildActionMask = 2147483647;
			files = (
			);
			inputPaths = (
				"${SRCROOT}/Pods/Target Support Files/Pods-smack-chat-app/Pods-smack-chat-app-frameworks.sh",
				"${BUILT_PRODUCTS_DIR}/Alamofire/Alamofire.framework",
				"${BUILT_PRODUCTS_DIR}/Socket.IO-Client-Swift/SocketIO.framework",
				"${BUILT_PRODUCTS_DIR}/Starscream/Starscream.framework",
				"${BUILT_PRODUCTS_DIR}/SwiftyJSON/SwiftyJSON.framework",
			);
			name = "[CP] Embed Pods Frameworks";
			outputPaths = (
				"${TARGET_BUILD_DIR}/${FRAMEWORKS_FOLDER_PATH}/Alamofire.framework",
				"${TARGET_BUILD_DIR}/${FRAMEWORKS_FOLDER_PATH}/SocketIO.framework",
				"${TARGET_BUILD_DIR}/${FRAMEWORKS_FOLDER_PATH}/Starscream.framework",
				"${TARGET_BUILD_DIR}/${FRAMEWORKS_FOLDER_PATH}/SwiftyJSON.framework",
			);
			runOnlyForDeploymentPostprocessing = 0;
			shellPath = /bin/sh;
			shellScript = "\"${SRCROOT}/Pods/Target Support Files/Pods-smack-chat-app/Pods-smack-chat-app-frameworks.sh\"\n";
			showEnvVarsInLog = 0;
		};
/* End PBXShellScriptBuildPhase section */

/* Begin PBXSourcesBuildPhase section */
		DB42A9A325B83C0900F237A7 /* Sources */ = {
			isa = PBXSourcesBuildPhase;
			buildActionMask = 2147483647;
			files = (
				DB42A9C925B9B86000F237A7 /* ChatVC.swift in Sources */,
				DB42A9AB25B83C0900F237A7 /* AppDelegate.swift in Sources */,
				DBCEEAE325C82EB600824A5D /* KeyboardBoundView.swift in Sources */,
				DBCEEAC825BFF15400824A5D /* AvatarCell.swift in Sources */,
				DB42A9E025BAC65100F237A7 /* LoginVC.swift in Sources */,
				DBCEEACD25C1477A00824A5D /* ProfileVC.swift in Sources */,
				DB42A9DB25BAAFDC00F237A7 /* GradientView.swift in Sources */,
				DBCEEAD125C1ACC800824A5D /* MessageService.swift in Sources */,
				DB42A9D925B9F6C300F237A7 /* SWRevealViewController.m in Sources */,
				DB3AFCFA25BAD0B00087B6BA /* CreateAccountVC.swift in Sources */,
				DB734F7B25BEEF000052C6D4 /* RoundedButton.swift in Sources */,
				DBCEEAD525C1FCEC00824A5D /* ChannelCell.swift in Sources */,
				DB42A9AD25B83C0900F237A7 /* SceneDelegate.swift in Sources */,
				DB734F7925BD90CF0052C6D4 /* AuthService.swift in Sources */,
				DB42A9DE25BAC09200F237A7 /* Constans.swift in Sources */,
				DBCEEADF25C2AD0A00824A5D /* SocketService.swift in Sources */,
				DBCEEAC425BF32A700824A5D /* USerDataService.swift in Sources */,
				DBCEEAE525C83E8600824A5D /* MessageCell.swift in Sources */,
				DBCEEAD325C1AD1900824A5D /* Channel.swift in Sources */,
				DBCEEAE125C7DA7500824A5D /* Message.swift in Sources */,
				DBCEEADC25C299F600824A5D /* AddChannelVC.swift in Sources */,
				DB42A9CB25B9B87200F237A7 /* ChannelVC.swift in Sources */,
				DBCEEAC625BFEEC300824A5D /* AvatarPickerVC.swift in Sources */,
				DBCEEAE825C94EAF00824A5D /* UpdateProfile.swift in Sources */,
				DBCEEACA25C0132600824A5D /* CircleImage.swift in Sources */,
			);
			runOnlyForDeploymentPostprocessing = 0;
		};
/* End PBXSourcesBuildPhase section */

/* Begin PBXVariantGroup section */
		DB42A9B025B83C0900F237A7 /* Main.storyboard */ = {
			isa = PBXVariantGroup;
			children = (
				DB42A9B125B83C0900F237A7 /* Base */,
			);
			name = Main.storyboard;
			sourceTree = "<group>";
		};
		DB42A9B525B83C0A00F237A7 /* LaunchScreen.storyboard */ = {
			isa = PBXVariantGroup;
			children = (
				DB42A9B625B83C0A00F237A7 /* Base */,
			);
			name = LaunchScreen.storyboard;
			sourceTree = "<group>";
		};
/* End PBXVariantGroup section */

/* Begin XCBuildConfiguration section */
		DB42A9B925B83C0A00F237A7 /* Debug */ = {
			isa = XCBuildConfiguration;
			buildSettings = {
				ALWAYS_SEARCH_USER_PATHS = NO;
				CLANG_ANALYZER_NONNULL = YES;
				CLANG_ANALYZER_NUMBER_OBJECT_CONVERSION = YES_AGGRESSIVE;
				CLANG_CXX_LANGUAGE_STANDARD = "gnu++14";
				CLANG_CXX_LIBRARY = "libc++";
				CLANG_ENABLE_MODULES = YES;
				CLANG_ENABLE_OBJC_ARC = YES;
				CLANG_ENABLE_OBJC_WEAK = YES;
				CLANG_WARN_BLOCK_CAPTURE_AUTORELEASING = YES;
				CLANG_WARN_BOOL_CONVERSION = YES;
				CLANG_WARN_COMMA = YES;
				CLANG_WARN_CONSTANT_CONVERSION = YES;
				CLANG_WARN_DEPRECATED_OBJC_IMPLEMENTATIONS = YES;
				CLANG_WARN_DIRECT_OBJC_ISA_USAGE = YES_ERROR;
				CLANG_WARN_DOCUMENTATION_COMMENTS = YES;
				CLANG_WARN_EMPTY_BODY = YES;
				CLANG_WARN_ENUM_CONVERSION = YES;
				CLANG_WARN_INFINITE_RECURSION = YES;
				CLANG_WARN_INT_CONVERSION = YES;
				CLANG_WARN_NON_LITERAL_NULL_CONVERSION = YES;
				CLANG_WARN_OBJC_IMPLICIT_RETAIN_SELF = YES;
				CLANG_WARN_OBJC_LITERAL_CONVERSION = YES;
				CLANG_WARN_OBJC_ROOT_CLASS = YES_ERROR;
				CLANG_WARN_RANGE_LOOP_ANALYSIS = YES;
				CLANG_WARN_STRICT_PROTOTYPES = YES;
				CLANG_WARN_SUSPICIOUS_MOVE = YES;
				CLANG_WARN_UNGUARDED_AVAILABILITY = YES_AGGRESSIVE;
				CLANG_WARN_UNREACHABLE_CODE = YES;
				CLANG_WARN__DUPLICATE_METHOD_MATCH = YES;
				COPY_PHASE_STRIP = NO;
				DEBUG_INFORMATION_FORMAT = dwarf;
				ENABLE_STRICT_OBJC_MSGSEND = YES;
				ENABLE_TESTABILITY = YES;
				GCC_C_LANGUAGE_STANDARD = gnu11;
				GCC_DYNAMIC_NO_PIC = NO;
				GCC_NO_COMMON_BLOCKS = YES;
				GCC_OPTIMIZATION_LEVEL = 0;
				GCC_PREPROCESSOR_DEFINITIONS = (
					"DEBUG=1",
					"$(inherited)",
				);
				GCC_WARN_64_TO_32_BIT_CONVERSION = YES;
				GCC_WARN_ABOUT_RETURN_TYPE = YES_ERROR;
				GCC_WARN_UNDECLARED_SELECTOR = YES;
				GCC_WARN_UNINITIALIZED_AUTOS = YES_AGGRESSIVE;
				GCC_WARN_UNUSED_FUNCTION = YES;
				GCC_WARN_UNUSED_VARIABLE = YES;
				IPHONEOS_DEPLOYMENT_TARGET = 13.5;
				MTL_ENABLE_DEBUG_INFO = INCLUDE_SOURCE;
				MTL_FAST_MATH = YES;
				ONLY_ACTIVE_ARCH = YES;
				SDKROOT = iphoneos;
				SWIFT_ACTIVE_COMPILATION_CONDITIONS = DEBUG;
				SWIFT_OPTIMIZATION_LEVEL = "-Onone";
			};
			name = Debug;
		};
		DB42A9BA25B83C0A00F237A7 /* Release */ = {
			isa = XCBuildConfiguration;
			buildSettings = {
				ALWAYS_SEARCH_USER_PATHS = NO;
				CLANG_ANALYZER_NONNULL = YES;
				CLANG_ANALYZER_NUMBER_OBJECT_CONVERSION = YES_AGGRESSIVE;
				CLANG_CXX_LANGUAGE_STANDARD = "gnu++14";
				CLANG_CXX_LIBRARY = "libc++";
				CLANG_ENABLE_MODULES = YES;
				CLANG_ENABLE_OBJC_ARC = YES;
				CLANG_ENABLE_OBJC_WEAK = YES;
				CLANG_WARN_BLOCK_CAPTURE_AUTORELEASING = YES;
				CLANG_WARN_BOOL_CONVERSION = YES;
				CLANG_WARN_COMMA = YES;
				CLANG_WARN_CONSTANT_CONVERSION = YES;
				CLANG_WARN_DEPRECATED_OBJC_IMPLEMENTATIONS = YES;
				CLANG_WARN_DIRECT_OBJC_ISA_USAGE = YES_ERROR;
				CLANG_WARN_DOCUMENTATION_COMMENTS = YES;
				CLANG_WARN_EMPTY_BODY = YES;
				CLANG_WARN_ENUM_CONVERSION = YES;
				CLANG_WARN_INFINITE_RECURSION = YES;
				CLANG_WARN_INT_CONVERSION = YES;
				CLANG_WARN_NON_LITERAL_NULL_CONVERSION = YES;
				CLANG_WARN_OBJC_IMPLICIT_RETAIN_SELF = YES;
				CLANG_WARN_OBJC_LITERAL_CONVERSION = YES;
				CLANG_WARN_OBJC_ROOT_CLASS = YES_ERROR;
				CLANG_WARN_RANGE_LOOP_ANALYSIS = YES;
				CLANG_WARN_STRICT_PROTOTYPES = YES;
				CLANG_WARN_SUSPICIOUS_MOVE = YES;
				CLANG_WARN_UNGUARDED_AVAILABILITY = YES_AGGRESSIVE;
				CLANG_WARN_UNREACHABLE_CODE = YES;
				CLANG_WARN__DUPLICATE_METHOD_MATCH = YES;
				COPY_PHASE_STRIP = NO;
				DEBUG_INFORMATION_FORMAT = "dwarf-with-dsym";
				ENABLE_NS_ASSERTIONS = NO;
				ENABLE_STRICT_OBJC_MSGSEND = YES;
				GCC_C_LANGUAGE_STANDARD = gnu11;
				GCC_NO_COMMON_BLOCKS = YES;
				GCC_WARN_64_TO_32_BIT_CONVERSION = YES;
				GCC_WARN_ABOUT_RETURN_TYPE = YES_ERROR;
				GCC_WARN_UNDECLARED_SELECTOR = YES;
				GCC_WARN_UNINITIALIZED_AUTOS = YES_AGGRESSIVE;
				GCC_WARN_UNUSED_FUNCTION = YES;
				GCC_WARN_UNUSED_VARIABLE = YES;
				IPHONEOS_DEPLOYMENT_TARGET = 13.5;
				MTL_ENABLE_DEBUG_INFO = NO;
				MTL_FAST_MATH = YES;
				SDKROOT = iphoneos;
				SWIFT_COMPILATION_MODE = wholemodule;
				SWIFT_OPTIMIZATION_LEVEL = "-O";
				VALIDATE_PRODUCT = YES;
			};
			name = Release;
		};
		DB42A9BC25B83C0A00F237A7 /* Debug */ = {
			isa = XCBuildConfiguration;
			baseConfigurationReference = CDEFB70357CADFDEBA0A2065 /* Pods-smack-chat-app.debug.xcconfig */;
			buildSettings = {
				ASSETCATALOG_COMPILER_APPICON_NAME = AppIcon;
				CLANG_ENABLE_MODULES = YES;
				CODE_SIGN_STYLE = Automatic;
				DEVELOPMENT_TEAM = ENYNN9L389;
				INFOPLIST_FILE = "smack-chat-app/Info.plist";
				LD_RUNPATH_SEARCH_PATHS = (
					"$(inherited)",
					"@executable_path/Frameworks",
				);
				PRODUCT_BUNDLE_IDENTIFIER = FingerMethods;
				PRODUCT_NAME = "$(TARGET_NAME)";
				SWIFT_OBJC_BRIDGING_HEADER = "smack-chat-app/Supporting Files/smack-chat-app-Bridging-Header.h";
				SWIFT_OPTIMIZATION_LEVEL = "-Onone";
				SWIFT_VERSION = 4.2;
				TARGETED_DEVICE_FAMILY = "1,2";
			};
			name = Debug;
		};
		DB42A9BD25B83C0A00F237A7 /* Release */ = {
			isa = XCBuildConfiguration;
			baseConfigurationReference = 73F7E2226CBB140B7D88F27F /* Pods-smack-chat-app.release.xcconfig */;
			buildSettings = {
				ASSETCATALOG_COMPILER_APPICON_NAME = AppIcon;
				CLANG_ENABLE_MODULES = YES;
				CODE_SIGN_STYLE = Automatic;
				DEVELOPMENT_TEAM = ENYNN9L389;
				INFOPLIST_FILE = "smack-chat-app/Info.plist";
				LD_RUNPATH_SEARCH_PATHS = (
					"$(inherited)",
					"@executable_path/Frameworks",
				);
				PRODUCT_BUNDLE_IDENTIFIER = FingerMethods;
				PRODUCT_NAME = "$(TARGET_NAME)";
				SWIFT_OBJC_BRIDGING_HEADER = "smack-chat-app/Supporting Files/smack-chat-app-Bridging-Header.h";
				SWIFT_VERSION = 4.2;
				TARGETED_DEVICE_FAMILY = "1,2";
			};
			name = Release;
		};
/* End XCBuildConfiguration section */

/* Begin XCConfigurationList section */
		DB42A9A225B83C0900F237A7 /* Build configuration list for PBXProject "smack-chat-app" */ = {
			isa = XCConfigurationList;
			buildConfigurations = (
				DB42A9B925B83C0A00F237A7 /* Debug */,
				DB42A9BA25B83C0A00F237A7 /* Release */,
			);
			defaultConfigurationIsVisible = 0;
			defaultConfigurationName = Release;
		};
		DB42A9BB25B83C0A00F237A7 /* Build configuration list for PBXNativeTarget "smack-chat-app" */ = {
			isa = XCConfigurationList;
			buildConfigurations = (
				DB42A9BC25B83C0A00F237A7 /* Debug */,
				DB42A9BD25B83C0A00F237A7 /* Release */,
			);
			defaultConfigurationIsVisible = 0;
			defaultConfigurationName = Release;
		};
/* End XCConfigurationList section */
	};
	rootObject = DB42A99F25B83C0900F237A7 /* Project object */;
}
